
Microsoft Visual Studio Solution File, Format Version 12.00
# Visual Studio 15
VisualStudioVersion = 15.0.27130.2010
MinimumVisualStudioVersion = 10.0.40219.1
Project("{888888A0-9F3D-457C-B088-3A5042F75D52}") = "Battleport", "Battleport\Battleport.pyproj", "{8E327362-BEFC-4FC6-A3A0-16CB25866807}"
EndProject
Global
	GlobalSection(SolutionConfigurationPlatforms) = preSolution
		Debug|Any CPU = Debug|Any CPU
		Release|Any CPU = Release|Any CPU
	EndGlobalSection
	GlobalSection(ProjectConfigurationPlatforms) = postSolution
		{8E327362-BEFC-4FC6-A3A0-16CB25866807}.Debug|Any CPU.ActiveCfg = Debug|Any CPU
		{8E327362-BEFC-4FC6-A3A0-16CB25866807}.Release|Any CPU.ActiveCfg = Release|Any CPU
	EndGlobalSection
	GlobalSection(SolutionProperties) = preSolution
		HideSolutionNode = FALSE
	EndGlobalSection
	GlobalSection(ExtensibilityGlobals) = postSolution
		SolutionGuid = {3DE0E06B-79C6-462A-B90A-FBF76B01B985}
	EndGlobalSection
EndGlobal
